
Microsoft Visual Studio Solution File, Format Version 12.00
# Visual Studio Version 16
VisualStudioVersion = 16.0.29519.181
MinimumVisualStudioVersion = 10.0.40219.1
Project("{FAE04EC0-301F-11D3-BF4B-00C04F79EFBC}") = "LeagueApp", "LeagueApp\LeagueApp.csproj", "{FE0029F0-DA81-468B-9F7D-D83CCBD4CF7A}"
EndProject
Global
	GlobalSection(SolutionConfigurationPlatforms) = preSolution
		Debug|Any CPU = Debug|Any CPU
		Release|Any CPU = Release|Any CPU
	EndGlobalSection
	GlobalSection(ProjectConfigurationPlatforms) = postSolution
		{FE0029F0-DA81-468B-9F7D-D83CCBD4CF7A}.Debug|Any CPU.ActiveCfg = Debug|Any CPU
		{FE0029F0-DA81-468B-9F7D-D83CCBD4CF7A}.Debug|Any CPU.Build.0 = Debug|Any CPU
		{FE0029F0-DA81-468B-9F7D-D83CCBD4CF7A}.Release|Any CPU.ActiveCfg = Release|Any CPU
		{FE0029F0-DA81-468B-9F7D-D83CCBD4CF7A}.Release|Any CPU.Build.0 = Release|Any CPU
	EndGlobalSection
	GlobalSection(SolutionProperties) = preSolution
		HideSolutionNode = FALSE
	EndGlobalSection
	GlobalSection(ExtensibilityGlobals) = postSolution
		SolutionGuid = {3FB2F293-CC8A-4262-B09D-CD4F11A614B7}
	EndGlobalSection
EndGlobal
